
Microsoft Visual Studio Solution File, Format Version 12.00
# Visual Studio Version 17
VisualStudioVersion = 17.14.36212.18
MinimumVisualStudioVersion = 10.0.40219.1
Project("{8BC9CEB8-8B4A-11D0-8D11-00A0C91BC942}") = "Problem#01", "Problem#01\Problem#01.vcxproj", "{4F4A1A53-6127-4A65-BD87-700F62C20FF0}"
EndProject
Project("{8BC9CEB8-8B4A-11D0-8D11-00A0C91BC942}") = "Problem#02", "Problem#02\Problem#02.vcxproj", "{6B519A3C-9CA7-4C04-BB14-239840CF320B}"
EndProject
Project("{8BC9CEB8-8B4A-11D0-8D11-00A0C91BC942}") = "Problem#03", "Problem#03\Problem#03.vcxproj", "{D2128490-38C8-40B6-B245-6AD868D84FCE}"
EndProject
Project("{8BC9CEB8-8B4A-11D0-8D11-00A0C91BC942}") = "Problem#04", "Problem#04\Problem#04.vcxproj", "{89F07E97-8682-40D7-BF5A-DF14968731F3}"
EndProject
Project("{8BC9CEB8-8B4A-11D0-8D11-00A0C91BC942}") = "Problem#05", "Problem#05\Problem#05.vcxproj", "{E902028B-165E-4116-8308-2F4FA77571B4}"
EndProject
Project("{8BC9CEB8-8B4A-11D0-8D11-00A0C91BC942}") = "Problem#06", "Problem#06\Problem#06.vcxproj", "{EF783099-97C4-4D54-88DA-54EB76295B02}"
EndProject
Project("{8BC9CEB8-8B4A-11D0-8D11-00A0C91BC942}") = "Problem#07", "Problem#07\Problem#07.vcxproj", "{B86553BB-E027-48A9-B5ED-2701D4AA8F80}"
EndProject
Project("{8BC9CEB8-8B4A-11D0-8D11-00A0C91BC942}") = "Problem#08", "Problem#08\Problem#08.vcxproj", "{E7032926-3155-4D9B-981D-9AC8CD43821F}"
EndProject
Project("{8BC9CEB8-8B4A-11D0-8D11-00A0C91BC942}") = "Problem#09", "Problem#09\Problem#09.vcxproj", "{875356BF-2BF1-427E-8E06-1B84A7352ED4}"
EndProject
Project("{8BC9CEB8-8B4A-11D0-8D11-00A0C91BC942}") = "Problem#10", "Problem#10\Problem#10.vcxproj", "{64A280D2-49FB-4102-9E76-B4BA5E24C196}"
EndProject
Project("{8BC9CEB8-8B4A-11D0-8D11-00A0C91BC942}") = "Problem#11", "Problem#11\Problem#11.vcxproj", "{17917BBB-D76A-4E11-A072-5C67AF1F0205}"
EndProject
Project("{8BC9CEB8-8B4A-11D0-8D11-00A0C91BC942}") = "Problem#12", "Problem#12\Problem#12.vcxproj", "{C651929A-6478-4D5D-A348-EC6B606FDDDC}"
EndProject
Project("{8BC9CEB8-8B4A-11D0-8D11-00A0C91BC942}") = "Problem#13", "Problem#13\Problem#13.vcxproj", "{2C5E8D65-84FA-4C52-A438-605EAA0B56D7}"
EndProject
Project("{8BC9CEB8-8B4A-11D0-8D11-00A0C91BC942}") = "Problem#14", "Problem#14\Problem#14.vcxproj", "{9C94BA58-CFD0-4395-99F0-DECB29E6EACF}"
EndProject
Project("{8BC9CEB8-8B4A-11D0-8D11-00A0C91BC942}") = "Problem#16", "Problem#16\Problem#16.vcxproj", "{656B4E63-111D-4A1F-AA26-36A99FE7F083}"
EndProject
Project("{8BC9CEB8-8B4A-11D0-8D11-00A0C91BC942}") = "Problem#15", "Problem#15\Problem#15.vcxproj", "{E11076F7-C03C-4A4C-A67F-DB9DF840C007}"
EndProject
Project("{8BC9CEB8-8B4A-11D0-8D11-00A0C91BC942}") = "Problem#17", "Problem#17\Problem#17.vcxproj", "{8105506C-6507-4752-B2E5-5404C648ECAE}"
EndProject
Project("{8BC9CEB8-8B4A-11D0-8D11-00A0C91BC942}") = "Problem#18", "Problem#18\Problem#18.vcxproj", "{F71B4DD6-4DF4-4FDB-956B-35E67FACDC27}"
EndProject
Project("{8BC9CEB8-8B4A-11D0-8D11-00A0C91BC942}") = "Problem#19", "Problem#19\Problem#19.vcxproj", "{2F287AC8-68EB-4E4A-A602-4BF6E64D9116}"
EndProject
Project("{8BC9CEB8-8B4A-11D0-8D11-00A0C91BC942}") = "Problem#20", "Problem#20\Problem#20.vcxproj", "{DC2BD34E-8620-4358-B64E-0CD2CB3DBB87}"
EndProject
Project("{8BC9CEB8-8B4A-11D0-8D11-00A0C91BC942}") = "Problem#21", "Problem#21\Problem#21.vcxproj", "{4BAE5225-18ED-4E42-AE3D-1BDD37F81975}"
EndProject
Project("{8BC9CEB8-8B4A-11D0-8D11-00A0C91BC942}") = "Problem#22", "Problem#22\Problem#22.vcxproj", "{889FE53F-C5E9-4564-803C-65DD93E5F415}"
EndProject
Project("{8BC9CEB8-8B4A-11D0-8D11-00A0C91BC942}") = "Problem#23", "Problem#23\Problem#23.vcxproj", "{EBD6A0B6-6792-43F6-B42B-5510F14DEF06}"
EndProject
Project("{8BC9CEB8-8B4A-11D0-8D11-00A0C91BC942}") = "Problem#24", "Problem#24\Problem#24.vcxproj", "{43553D11-8AB5-4287-B8BE-6B5CE0B8145B}"
EndProject
Project("{8BC9CEB8-8B4A-11D0-8D11-00A0C91BC942}") = "Problem#25", "Problem#25\Problem#25.vcxproj", "{6B12379E-E5E1-4F4B-9AEB-E10429A8AE40}"
EndProject
Project("{8BC9CEB8-8B4A-11D0-8D11-00A0C91BC942}") = "Problem#26", "Problem#26\Problem#26.vcxproj", "{F6155AEB-9CB0-4EEA-87B9-6C1D1BD30540}"
EndProject
Project("{8BC9CEB8-8B4A-11D0-8D11-00A0C91BC942}") = "Problem#27", "Problem#27\Problem#27.vcxproj", "{030B8745-B776-4DDD-AC57-C0B8E4AA5301}"
EndProject
Project("{8BC9CEB8-8B4A-11D0-8D11-00A0C91BC942}") = "Problem#28", "Problem#28\Problem#28.vcxproj", "{D7AFCAEF-8F14-4D82-B212-21311FB0AEA9}"
EndProject
Project("{8BC9CEB8-8B4A-11D0-8D11-00A0C91BC942}") = "Problem#29", "Problem#29\Problem#29.vcxproj", "{30845C24-6570-49B9-900C-2EF0F96D6A6B}"
EndProject
Project("{8BC9CEB8-8B4A-11D0-8D11-00A0C91BC942}") = "Problem#30", "Problem#30\Problem#30.vcxproj", "{34067FAE-CFC0-4945-9B94-E536AF868900}"
EndProject
Project("{8BC9CEB8-8B4A-11D0-8D11-00A0C91BC942}") = "Problem#31", "Problem#31\Problem#31.vcxproj", "{127970BA-2E3A-4ADC-864A-86687D403641}"
EndProject
Project("{8BC9CEB8-8B4A-11D0-8D11-00A0C91BC942}") = "Problem#32", "Problem#32\Problem#32.vcxproj", "{40D40848-B700-4809-B5AA-D028F4345855}"
EndProject
Project("{8BC9CEB8-8B4A-11D0-8D11-00A0C91BC942}") = "Problem#33", "Problem#33\Problem#33.vcxproj", "{59694EBC-A4CD-4009-BA3B-12AC0289CF03}"
EndProject
Project("{8BC9CEB8-8B4A-11D0-8D11-00A0C91BC942}") = "Problem#34", "Problem#34\Problem#34.vcxproj", "{FD991C3D-5613-45FD-89AE-33A6B1E651F7}"
EndProject
Project("{8BC9CEB8-8B4A-11D0-8D11-00A0C91BC942}") = "Problem#35", "Problem#35\Problem#35.vcxproj", "{C58D85B2-903E-4704-9469-151BB136F087}"
EndProject
Project("{8BC9CEB8-8B4A-11D0-8D11-00A0C91BC942}") = "Problem#36", "Problem#36\Problem#36.vcxproj", "{3FFFBEEC-981E-46FB-9939-3840D32EE4DB}"
EndProject
Project("{8BC9CEB8-8B4A-11D0-8D11-00A0C91BC942}") = "Problem#37", "Problem#37\Problem#37.vcxproj", "{5ACF59B5-43D5-4E62-8F01-3D0C41C9D411}"
EndProject
Project("{8BC9CEB8-8B4A-11D0-8D11-00A0C91BC942}") = "Problem#38", "Problem#38\Problem#38.vcxproj", "{4B40546C-B7FC-4D5C-90BC-7B600150615A}"
EndProject
Project("{8BC9CEB8-8B4A-11D0-8D11-00A0C91BC942}") = "Problem#39", "Problem#39\Problem#39.vcxproj", "{3BC5572B-9213-4E2E-AC12-81C4798495C6}"
EndProject
Project("{8BC9CEB8-8B4A-11D0-8D11-00A0C91BC942}") = "Problem#40", "Problem#40\Problem#40.vcxproj", "{8C1F10EA-9C4A-428E-86E2-AE5A2F288F40}"
EndProject
Project("{8BC9CEB8-8B4A-11D0-8D11-00A0C91BC942}") = "Problem#41", "Problem#41\Problem#41.vcxproj", "{0B42BDAB-7388-4793-9F53-E0D6DAB36194}"
EndProject
Project("{8BC9CEB8-8B4A-11D0-8D11-00A0C91BC942}") = "Problem#42", "Problem#42\Problem#42.vcxproj", "{F0EA48EF-5FE8-4DA9-ACA5-791817E4E328}"
EndProject
Project("{8BC9CEB8-8B4A-11D0-8D11-00A0C91BC942}") = "Problem#43", "Problem#43\Problem#43.vcxproj", "{9FE1913D-42BE-412B-BB23-6BBF4FFD29C5}"
EndProject
Project("{8BC9CEB8-8B4A-11D0-8D11-00A0C91BC942}") = "Problem#44", "Problem#44\Problem#44.vcxproj", "{D5BA2BF9-4ECB-4565-A790-5316710070A6}"
EndProject
Project("{8BC9CEB8-8B4A-11D0-8D11-00A0C91BC942}") = "Problem#45", "Problem#45\Problem#45.vcxproj", "{DBE41864-0A28-4C7A-AFAE-603C05E08370}"
EndProject
Project("{8BC9CEB8-8B4A-11D0-8D11-00A0C91BC942}") = "Problem#46", "Problem#46\Problem#46.vcxproj", "{B3CD498B-BDB6-4A38-9938-97AA413EECB0}"
EndProject
Project("{8BC9CEB8-8B4A-11D0-8D11-00A0C91BC942}") = "Problem#47", "Problem#47\Problem#47.vcxproj", "{2DC824BB-209B-4EEA-90EB-F82F14F2D22E}"
EndProject
Project("{8BC9CEB8-8B4A-11D0-8D11-00A0C91BC942}") = "Problem#48", "Problem#48\Problem#48.vcxproj", "{3CD6A477-F8AF-4756-AC77-6F3CFC8547E5}"
EndProject
Project("{8BC9CEB8-8B4A-11D0-8D11-00A0C91BC942}") = "Problem#49", "Problem#49\Problem#49.vcxproj", "{428E8556-AA70-4245-BCEE-E8CBAE7CD2F2}"
EndProject
Project("{8BC9CEB8-8B4A-11D0-8D11-00A0C91BC942}") = "Problem#50", "Problem#50\Problem#50.vcxproj", "{261A8878-439C-455D-B86A-43AF9095EE3C}"
EndProject
Global
	GlobalSection(SolutionConfigurationPlatforms) = preSolution
		Debug|x64 = Debug|x64
		Debug|x86 = Debug|x86
		Release|x64 = Release|x64
		Release|x86 = Release|x86
	EndGlobalSection
	GlobalSection(ProjectConfigurationPlatforms) = postSolution
		{4F4A1A53-6127-4A65-BD87-700F62C20FF0}.Debug|x64.ActiveCfg = Debug|x64
		{4F4A1A53-6127-4A65-BD87-700F62C20FF0}.Debug|x64.Build.0 = Debug|x64
		{4F4A1A53-6127-4A65-BD87-700F62C20FF0}.Debug|x86.ActiveCfg = Debug|Win32
		{4F4A1A53-6127-4A65-BD87-700F62C20FF0}.Debug|x86.Build.0 = Debug|Win32
		{4F4A1A53-6127-4A65-BD87-700F62C20FF0}.Release|x64.ActiveCfg = Release|x64
		{4F4A1A53-6127-4A65-BD87-700F62C20FF0}.Release|x64.Build.0 = Release|x64
		{4F4A1A53-6127-4A65-BD87-700F62C20FF0}.Release|x86.ActiveCfg = Release|Win32
		{4F4A1A53-6127-4A65-BD87-700F62C20FF0}.Release|x86.Build.0 = Release|Win32
		{6B519A3C-9CA7-4C04-BB14-239840CF320B}.Debug|x64.ActiveCfg = Debug|x64
		{6B519A3C-9CA7-4C04-BB14-239840CF320B}.Debug|x64.Build.0 = Debug|x64
		{6B519A3C-9CA7-4C04-BB14-239840CF320B}.Debug|x86.ActiveCfg = Debug|Win32
		{6B519A3C-9CA7-4C04-BB14-239840CF320B}.Debug|x86.Build.0 = Debug|Win32
		{6B519A3C-9CA7-4C04-BB14-239840CF320B}.Release|x64.ActiveCfg = Release|x64
		{6B519A3C-9CA7-4C04-BB14-239840CF320B}.Release|x64.Build.0 = Release|x64
		{6B519A3C-9CA7-4C04-BB14-239840CF320B}.Release|x86.ActiveCfg = Release|Win32
		{6B519A3C-9CA7-4C04-BB14-239840CF320B}.Release|x86.Build.0 = Release|Win32
		{D2128490-38C8-40B6-B245-6AD868D84FCE}.Debug|x64.ActiveCfg = Debug|x64
		{D2128490-38C8-40B6-B245-6AD868D84FCE}.Debug|x64.Build.0 = Debug|x64
		{D2128490-38C8-40B6-B245-6AD868D84FCE}.Debug|x86.ActiveCfg = Debug|Win32
		{D2128490-38C8-40B6-B245-6AD868D84FCE}.Debug|x86.Build.0 = Debug|Win32
		{D2128490-38C8-40B6-B245-6AD868D84FCE}.Release|x64.ActiveCfg = Release|x64
		{D2128490-38C8-40B6-B245-6AD868D84FCE}.Release|x64.Build.0 = Release|x64
		{D2128490-38C8-40B6-B245-6AD868D84FCE}.Release|x86.ActiveCfg = Release|Win32
		{D2128490-38C8-40B6-B245-6AD868D84FCE}.Release|x86.Build.0 = Release|Win32
		{89F07E97-8682-40D7-BF5A-DF14968731F3}.Debug|x64.ActiveCfg = Debug|x64
		{89F07E97-8682-40D7-BF5A-DF14968731F3}.Debug|x64.Build.0 = Debug|x64
		{89F07E97-8682-40D7-BF5A-DF14968731F3}.Debug|x86.ActiveCfg = Debug|Win32
		{89F07E97-8682-40D7-BF5A-DF14968731F3}.Debug|x86.Build.0 = Debug|Win32
		{89F07E97-8682-40D7-BF5A-DF14968731F3}.Release|x64.ActiveCfg = Release|x64
		{89F07E97-8682-40D7-BF5A-DF14968731F3}.Release|x64.Build.0 = Release|x64
		{89F07E97-8682-40D7-BF5A-DF14968731F3}.Release|x86.ActiveCfg = Release|Win32
		{89F07E97-8682-40D7-BF5A-DF14968731F3}.Release|x86.Build.0 = Release|Win32
		{E902028B-165E-4116-8308-2F4FA77571B4}.Debug|x64.ActiveCfg = Debug|x64
		{E902028B-165E-4116-8308-2F4FA77571B4}.Debug|x64.Build.0 = Debug|x64
		{E902028B-165E-4116-8308-2F4FA77571B4}.Debug|x86.ActiveCfg = Debug|Win32
		{E902028B-165E-4116-8308-2F4FA77571B4}.Debug|x86.Build.0 = Debug|Win32
		{E902028B-165E-4116-8308-2F4FA77571B4}.Release|x64.ActiveCfg = Release|x64
		{E902028B-165E-4116-8308-2F4FA77571B4}.Release|x64.Build.0 = Release|x64
		{E902028B-165E-4116-8308-2F4FA77571B4}.Release|x86.ActiveCfg = Release|Win32
		{E902028B-165E-4116-8308-2F4FA77571B4}.Release|x86.Build.0 = Release|Win32
		{EF783099-97C4-4D54-88DA-54EB76295B02}.Debug|x64.ActiveCfg = Debug|x64
		{EF783099-97C4-4D54-88DA-54EB76295B02}.Debug|x64.Build.0 = Debug|x64
		{EF783099-97C4-4D54-88DA-54EB76295B02}.Debug|x86.ActiveCfg = Debug|Win32
		{EF783099-97C4-4D54-88DA-54EB76295B02}.Debug|x86.Build.0 = Debug|Win32
		{EF783099-97C4-4D54-88DA-54EB76295B02}.Release|x64.ActiveCfg = Release|x64
		{EF783099-97C4-4D54-88DA-54EB76295B02}.Release|x64.Build.0 = Release|x64
		{EF783099-97C4-4D54-88DA-54EB76295B02}.Release|x86.ActiveCfg = Release|Win32
		{EF783099-97C4-4D54-88DA-54EB76295B02}.Release|x86.Build.0 = Release|Win32
		{B86553BB-E027-48A9-B5ED-2701D4AA8F80}.Debug|x64.ActiveCfg = Debug|x64
		{B86553BB-E027-48A9-B5ED-2701D4AA8F80}.Debug|x64.Build.0 = Debug|x64
		{B86553BB-E027-48A9-B5ED-2701D4AA8F80}.Debug|x86.ActiveCfg = Debug|Win32
		{B86553BB-E027-48A9-B5ED-2701D4AA8F80}.Debug|x86.Build.0 = Debug|Win32
		{B86553BB-E027-48A9-B5ED-2701D4AA8F80}.Release|x64.ActiveCfg = Release|x64
		{B86553BB-E027-48A9-B5ED-2701D4AA8F80}.Release|x64.Build.0 = Release|x64
		{B86553BB-E027-48A9-B5ED-2701D4AA8F80}.Release|x86.ActiveCfg = Release|Win32
		{B86553BB-E027-48A9-B5ED-2701D4AA8F80}.Release|x86.Build.0 = Release|Win32
		{E7032926-3155-4D9B-981D-9AC8CD43821F}.Debug|x64.ActiveCfg = Debug|x64
		{E7032926-3155-4D9B-981D-9AC8CD43821F}.Debug|x64.Build.0 = Debug|x64
		{E7032926-3155-4D9B-981D-9AC8CD43821F}.Debug|x86.ActiveCfg = Debug|Win32
		{E7032926-3155-4D9B-981D-9AC8CD43821F}.Debug|x86.Build.0 = Debug|Win32
		{E7032926-3155-4D9B-981D-9AC8CD43821F}.Release|x64.ActiveCfg = Release|x64
		{E7032926-3155-4D9B-981D-9AC8CD43821F}.Release|x64.Build.0 = Release|x64
		{E7032926-3155-4D9B-981D-9AC8CD43821F}.Release|x86.ActiveCfg = Release|Win32
		{E7032926-3155-4D9B-981D-9AC8CD43821F}.Release|x86.Build.0 = Release|Win32
		{875356BF-2BF1-427E-8E06-1B84A7352ED4}.Debug|x64.ActiveCfg = Debug|x64
		{875356BF-2BF1-427E-8E06-1B84A7352ED4}.Debug|x64.Build.0 = Debug|x64
		{875356BF-2BF1-427E-8E06-1B84A7352ED4}.Debug|x86.ActiveCfg = Debug|Win32
		{875356BF-2BF1-427E-8E06-1B84A7352ED4}.Debug|x86.Build.0 = Debug|Win32
		{875356BF-2BF1-427E-8E06-1B84A7352ED4}.Release|x64.ActiveCfg = Release|x64
		{875356BF-2BF1-427E-8E06-1B84A7352ED4}.Release|x64.Build.0 = Release|x64
		{875356BF-2BF1-427E-8E06-1B84A7352ED4}.Release|x86.ActiveCfg = Release|Win32
		{875356BF-2BF1-427E-8E06-1B84A7352ED4}.Release|x86.Build.0 = Release|Win32
		{64A280D2-49FB-4102-9E76-B4BA5E24C196}.Debug|x64.ActiveCfg = Debug|x64
		{64A280D2-49FB-4102-9E76-B4BA5E24C196}.Debug|x64.Build.0 = Debug|x64
		{64A280D2-49FB-4102-9E76-B4BA5E24C196}.Debug|x86.ActiveCfg = Debug|Win32
		{64A280D2-49FB-4102-9E76-B4BA5E24C196}.Debug|x86.Build.0 = Debug|Win32
		{64A280D2-49FB-4102-9E76-B4BA5E24C196}.Release|x64.ActiveCfg = Release|x64
		{64A280D2-49FB-4102-9E76-B4BA5E24C196}.Release|x64.Build.0 = Release|x64
		{64A280D2-49FB-4102-9E76-B4BA5E24C196}.Release|x86.ActiveCfg = Release|Win32
		{64A280D2-49FB-4102-9E76-B4BA5E24C196}.Release|x86.Build.0 = Release|Win32
		{17917BBB-D76A-4E11-A072-5C67AF1F0205}.Debug|x64.ActiveCfg = Debug|x64
		{17917BBB-D76A-4E11-A072-5C67AF1F0205}.Debug|x64.Build.0 = Debug|x64
		{17917BBB-D76A-4E11-A072-5C67AF1F0205}.Debug|x86.ActiveCfg = Debug|Win32
		{17917BBB-D76A-4E11-A072-5C67AF1F0205}.Debug|x86.Build.0 = Debug|Win32
		{17917BBB-D76A-4E11-A072-5C67AF1F0205}.Release|x64.ActiveCfg = Release|x64
		{17917BBB-D76A-4E11-A072-5C67AF1F0205}.Release|x64.Build.0 = Release|x64
		{17917BBB-D76A-4E11-A072-5C67AF1F0205}.Release|x86.ActiveCfg = Release|Win32
		{17917BBB-D76A-4E11-A072-5C67AF1F0205}.Release|x86.Build.0 = Release|Win32
		{C651929A-6478-4D5D-A348-EC6B606FDDDC}.Debug|x64.ActiveCfg = Debug|x64
		{C651929A-6478-4D5D-A348-EC6B606FDDDC}.Debug|x64.Build.0 = Debug|x64
		{C651929A-6478-4D5D-A348-EC6B606FDDDC}.Debug|x86.ActiveCfg = Debug|Win32
		{C651929A-6478-4D5D-A348-EC6B606FDDDC}.Debug|x86.Build.0 = Debug|Win32
		{C651929A-6478-4D5D-A348-EC6B606FDDDC}.Release|x64.ActiveCfg = Release|x64
		{C651929A-6478-4D5D-A348-EC6B606FDDDC}.Release|x64.Build.0 = Release|x64
		{C651929A-6478-4D5D-A348-EC6B606FDDDC}.Release|x86.ActiveCfg = Release|Win32
		{C651929A-6478-4D5D-A348-EC6B606FDDDC}.Release|x86.Build.0 = Release|Win32
		{2C5E8D65-84FA-4C52-A438-605EAA0B56D7}.Debug|x64.ActiveCfg = Debug|x64
		{2C5E8D65-84FA-4C52-A438-605EAA0B56D7}.Debug|x64.Build.0 = Debug|x64
		{2C5E8D65-84FA-4C52-A438-605EAA0B56D7}.Debug|x86.ActiveCfg = Debug|Win32
		{2C5E8D65-84FA-4C52-A438-605EAA0B56D7}.Debug|x86.Build.0 = Debug|Win32
		{2C5E8D65-84FA-4C52-A438-605EAA0B56D7}.Release|x64.ActiveCfg = Release|x64
		{2C5E8D65-84FA-4C52-A438-605EAA0B56D7}.Release|x64.Build.0 = Release|x64
		{2C5E8D65-84FA-4C52-A438-605EAA0B56D7}.Release|x86.ActiveCfg = Release|Win32
		{2C5E8D65-84FA-4C52-A438-605EAA0B56D7}.Release|x86.Build.0 = Release|Win32
		{9C94BA58-CFD0-4395-99F0-DECB29E6EACF}.Debug|x64.ActiveCfg = Debug|x64
		{9C94BA58-CFD0-4395-99F0-DECB29E6EACF}.Debug|x64.Build.0 = Debug|x64
		{9C94BA58-CFD0-4395-99F0-DECB29E6EACF}.Debug|x86.ActiveCfg = Debug|Win32
		{9C94BA58-CFD0-4395-99F0-DECB29E6EACF}.Debug|x86.Build.0 = Debug|Win32
		{9C94BA58-CFD0-4395-99F0-DECB29E6EACF}.Release|x64.ActiveCfg = Release|x64
		{9C94BA58-CFD0-4395-99F0-DECB29E6EACF}.Release|x64.Build.0 = Release|x64
		{9C94BA58-CFD0-4395-99F0-DECB29E6EACF}.Release|x86.ActiveCfg = Release|Win32
		{9C94BA58-CFD0-4395-99F0-DECB29E6EACF}.Release|x86.Build.0 = Release|Win32
		{656B4E63-111D-4A1F-AA26-36A99FE7F083}.Debug|x64.ActiveCfg = Debug|x64
		{656B4E63-111D-4A1F-AA26-36A99FE7F083}.Debug|x64.Build.0 = Debug|x64
		{656B4E63-111D-4A1F-AA26-36A99FE7F083}.Debug|x86.ActiveCfg = Debug|Win32
		{656B4E63-111D-4A1F-AA26-36A99FE7F083}.Debug|x86.Build.0 = Debug|Win32
		{656B4E63-111D-4A1F-AA26-36A99FE7F083}.Release|x64.ActiveCfg = Release|x64
		{656B4E63-111D-4A1F-AA26-36A99FE7F083}.Release|x64.Build.0 = Release|x64
		{656B4E63-111D-4A1F-AA26-36A99FE7F083}.Release|x86.ActiveCfg = Release|Win32
		{656B4E63-111D-4A1F-AA26-36A99FE7F083}.Release|x86.Build.0 = Release|Win32
		{E11076F7-C03C-4A4C-A67F-DB9DF840C007}.Debug|x64.ActiveCfg = Debug|x64
		{E11076F7-C03C-4A4C-A67F-DB9DF840C007}.Debug|x64.Build.0 = Debug|x64
		{E11076F7-C03C-4A4C-A67F-DB9DF840C007}.Debug|x86.ActiveCfg = Debug|Win32
		{E11076F7-C03C-4A4C-A67F-DB9DF840C007}.Debug|x86.Build.0 = Debug|Win32
		{E11076F7-C03C-4A4C-A67F-DB9DF840C007}.Release|x64.ActiveCfg = Release|x64
		{E11076F7-C03C-4A4C-A67F-DB9DF840C007}.Release|x64.Build.0 = Release|x64
		{E11076F7-C03C-4A4C-A67F-DB9DF840C007}.Release|x86.ActiveCfg = Release|Win32
		{E11076F7-C03C-4A4C-A67F-DB9DF840C007}.Release|x86.Build.0 = Release|Win32
		{8105506C-6507-4752-B2E5-5404C648ECAE}.Debug|x64.ActiveCfg = Debug|x64
		{8105506C-6507-4752-B2E5-5404C648ECAE}.Debug|x64.Build.0 = Debug|x64
		{8105506C-6507-4752-B2E5-5404C648ECAE}.Debug|x86.ActiveCfg = Debug|Win32
		{8105506C-6507-4752-B2E5-5404C648ECAE}.Debug|x86.Build.0 = Debug|Win32
		{8105506C-6507-4752-B2E5-5404C648ECAE}.Release|x64.ActiveCfg = Release|x64
		{8105506C-6507-4752-B2E5-5404C648ECAE}.Release|x64.Build.0 = Release|x64
		{8105506C-6507-4752-B2E5-5404C648ECAE}.Release|x86.ActiveCfg = Release|Win32
		{8105506C-6507-4752-B2E5-5404C648ECAE}.Release|x86.Build.0 = Release|Win32
		{F71B4DD6-4DF4-4FDB-956B-35E67FACDC27}.Debug|x64.ActiveCfg = Debug|x64
		{F71B4DD6-4DF4-4FDB-956B-35E67FACDC27}.Debug|x64.Build.0 = Debug|x64
		{F71B4DD6-4DF4-4FDB-956B-35E67FACDC27}.Debug|x86.ActiveCfg = Debug|Win32
		{F71B4DD6-4DF4-4FDB-956B-35E67FACDC27}.Debug|x86.Build.0 = Debug|Win32
		{F71B4DD6-4DF4-4FDB-956B-35E67FACDC27}.Release|x64.ActiveCfg = Release|x64
		{F71B4DD6-4DF4-4FDB-956B-35E67FACDC27}.Release|x64.Build.0 = Release|x64
		{F71B4DD6-4DF4-4FDB-956B-35E67FACDC27}.Release|x86.ActiveCfg = Release|Win32
		{F71B4DD6-4DF4-4FDB-956B-35E67FACDC27}.Release|x86.Build.0 = Release|Win32
		{2F287AC8-68EB-4E4A-A602-4BF6E64D9116}.Debug|x64.ActiveCfg = Debug|x64
		{2F287AC8-68EB-4E4A-A602-4BF6E64D9116}.Debug|x64.Build.0 = Debug|x64
		{2F287AC8-68EB-4E4A-A602-4BF6E64D9116}.Debug|x86.ActiveCfg = Debug|Win32
		{2F287AC8-68EB-4E4A-A602-4BF6E64D9116}.Debug|x86.Build.0 = Debug|Win32
		{2F287AC8-68EB-4E4A-A602-4BF6E64D9116}.Release|x64.ActiveCfg = Release|x64
		{2F287AC8-68EB-4E4A-A602-4BF6E64D9116}.Release|x64.Build.0 = Release|x64
		{2F287AC8-68EB-4E4A-A602-4BF6E64D9116}.Release|x86.ActiveCfg = Release|Win32
		{2F287AC8-68EB-4E4A-A602-4BF6E64D9116}.Release|x86.Build.0 = Release|Win32
		{DC2BD34E-8620-4358-B64E-0CD2CB3DBB87}.Debug|x64.ActiveCfg = Debug|x64
		{DC2BD34E-8620-4358-B64E-0CD2CB3DBB87}.Debug|x64.Build.0 = Debug|x64
		{DC2BD34E-8620-4358-B64E-0CD2CB3DBB87}.Debug|x86.ActiveCfg = Debug|Win32
		{DC2BD34E-8620-4358-B64E-0CD2CB3DBB87}.Debug|x86.Build.0 = Debug|Win32
		{DC2BD34E-8620-4358-B64E-0CD2CB3DBB87}.Release|x64.ActiveCfg = Release|x64
		{DC2BD34E-8620-4358-B64E-0CD2CB3DBB87}.Release|x64.Build.0 = Release|x64
		{DC2BD34E-8620-4358-B64E-0CD2CB3DBB87}.Release|x86.ActiveCfg = Release|Win32
		{DC2BD34E-8620-4358-B64E-0CD2CB3DBB87}.Release|x86.Build.0 = Release|Win32
		{4BAE5225-18ED-4E42-AE3D-1BDD37F81975}.Debug|x64.ActiveCfg = Debug|x64
		{4BAE5225-18ED-4E42-AE3D-1BDD37F81975}.Debug|x64.Build.0 = Debug|x64
		{4BAE5225-18ED-4E42-AE3D-1BDD37F81975}.Debug|x86.ActiveCfg = Debug|Win32
		{4BAE5225-18ED-4E42-AE3D-1BDD37F81975}.Debug|x86.Build.0 = Debug|Win32
		{4BAE5225-18ED-4E42-AE3D-1BDD37F81975}.Release|x64.ActiveCfg = Release|x64
		{4BAE5225-18ED-4E42-AE3D-1BDD37F81975}.Release|x64.Build.0 = Release|x64
		{4BAE5225-18ED-4E42-AE3D-1BDD37F81975}.Release|x86.ActiveCfg = Release|Win32
		{4BAE5225-18ED-4E42-AE3D-1BDD37F81975}.Release|x86.Build.0 = Release|Win32
		{889FE53F-C5E9-4564-803C-65DD93E5F415}.Debug|x64.ActiveCfg = Debug|x64
		{889FE53F-C5E9-4564-803C-65DD93E5F415}.Debug|x64.Build.0 = Debug|x64
		{889FE53F-C5E9-4564-803C-65DD93E5F415}.Debug|x86.ActiveCfg = Debug|Win32
		{889FE53F-C5E9-4564-803C-65DD93E5F415}.Debug|x86.Build.0 = Debug|Win32
		{889FE53F-C5E9-4564-803C-65DD93E5F415}.Release|x64.ActiveCfg = Release|x64
		{889FE53F-C5E9-4564-803C-65DD93E5F415}.Release|x64.Build.0 = Release|x64
		{889FE53F-C5E9-4564-803C-65DD93E5F415}.Release|x86.ActiveCfg = Release|Win32
		{889FE53F-C5E9-4564-803C-65DD93E5F415}.Release|x86.Build.0 = Release|Win32
		{EBD6A0B6-6792-43F6-B42B-5510F14DEF06}.Debug|x64.ActiveCfg = Debug|x64
		{EBD6A0B6-6792-43F6-B42B-5510F14DEF06}.Debug|x64.Build.0 = Debug|x64
		{EBD6A0B6-6792-43F6-B42B-5510F14DEF06}.Debug|x86.ActiveCfg = Debug|Win32
		{EBD6A0B6-6792-43F6-B42B-5510F14DEF06}.Debug|x86.Build.0 = Debug|Win32
		{EBD6A0B6-6792-43F6-B42B-5510F14DEF06}.Release|x64.ActiveCfg = Release|x64
		{EBD6A0B6-6792-43F6-B42B-5510F14DEF06}.Release|x64.Build.0 = Release|x64
		{EBD6A0B6-6792-43F6-B42B-5510F14DEF06}.Release|x86.ActiveCfg = Release|Win32
		{EBD6A0B6-6792-43F6-B42B-5510F14DEF06}.Release|x86.Build.0 = Release|Win32
		{43553D11-8AB5-4287-B8BE-6B5CE0B8145B}.Debug|x64.ActiveCfg = Debug|x64
		{43553D11-8AB5-4287-B8BE-6B5CE0B8145B}.Debug|x64.Build.0 = Debug|x64
		{43553D11-8AB5-4287-B8BE-6B5CE0B8145B}.Debug|x86.ActiveCfg = Debug|Win32
		{43553D11-8AB5-4287-B8BE-6B5CE0B8145B}.Debug|x86.Build.0 = Debug|Win32
		{43553D11-8AB5-4287-B8BE-6B5CE0B8145B}.Release|x64.ActiveCfg = Release|x64
		{43553D11-8AB5-4287-B8BE-6B5CE0B8145B}.Release|x64.Build.0 = Release|x64
		{43553D11-8AB5-4287-B8BE-6B5CE0B8145B}.Release|x86.ActiveCfg = Release|Win32
		{43553D11-8AB5-4287-B8BE-6B5CE0B8145B}.Release|x86.Build.0 = Release|Win32
		{6B12379E-E5E1-4F4B-9AEB-E10429A8AE40}.Debug|x64.ActiveCfg = Debug|x64
		{6B12379E-E5E1-4F4B-9AEB-E10429A8AE40}.Debug|x64.Build.0 = Debug|x64
		{6B12379E-E5E1-4F4B-9AEB-E10429A8AE40}.Debug|x86.ActiveCfg = Debug|Win32
		{6B12379E-E5E1-4F4B-9AEB-E10429A8AE40}.Debug|x86.Build.0 = Debug|Win32
		{6B12379E-E5E1-4F4B-9AEB-E10429A8AE40}.Release|x64.ActiveCfg = Release|x64
		{6B12379E-E5E1-4F4B-9AEB-E10429A8AE40}.Release|x64.Build.0 = Release|x64
		{6B12379E-E5E1-4F4B-9AEB-E10429A8AE40}.Release|x86.ActiveCfg = Release|Win32
		{6B12379E-E5E1-4F4B-9AEB-E10429A8AE40}.Release|x86.Build.0 = Release|Win32
		{F6155AEB-9CB0-4EEA-87B9-6C1D1BD30540}.Debug|x64.ActiveCfg = Debug|x64
		{F6155AEB-9CB0-4EEA-87B9-6C1D1BD30540}.Debug|x64.Build.0 = Debug|x64
		{F6155AEB-9CB0-4EEA-87B9-6C1D1BD30540}.Debug|x86.ActiveCfg = Debug|Win32
		{F6155AEB-9CB0-4EEA-87B9-6C1D1BD30540}.Debug|x86.Build.0 = Debug|Win32
		{F6155AEB-9CB0-4EEA-87B9-6C1D1BD30540}.Release|x64.ActiveCfg = Release|x64
		{F6155AEB-9CB0-4EEA-87B9-6C1D1BD30540}.Release|x64.Build.0 = Release|x64
		{F6155AEB-9CB0-4EEA-87B9-6C1D1BD30540}.Release|x86.ActiveCfg = Release|Win32
		{F6155AEB-9CB0-4EEA-87B9-6C1D1BD30540}.Release|x86.Build.0 = Release|Win32
		{030B8745-B776-4DDD-AC57-C0B8E4AA5301}.Debug|x64.ActiveCfg = Debug|x64
		{030B8745-B776-4DDD-AC57-C0B8E4AA5301}.Debug|x64.Build.0 = Debug|x64
		{030B8745-B776-4DDD-AC57-C0B8E4AA5301}.Debug|x86.ActiveCfg = Debug|Win32
		{030B8745-B776-4DDD-AC57-C0B8E4AA5301}.Debug|x86.Build.0 = Debug|Win32
		{030B8745-B776-4DDD-AC57-C0B8E4AA5301}.Release|x64.ActiveCfg = Release|x64
		{030B8745-B776-4DDD-AC57-C0B8E4AA5301}.Release|x64.Build.0 = Release|x64
		{030B8745-B776-4DDD-AC57-C0B8E4AA5301}.Release|x86.ActiveCfg = Release|Win32
		{030B8745-B776-4DDD-AC57-C0B8E4AA5301}.Release|x86.Build.0 = Release|Win32
		{D7AFCAEF-8F14-4D82-B212-21311FB0AEA9}.Debug|x64.ActiveCfg = Debug|x64
		{D7AFCAEF-8F14-4D82-B212-21311FB0AEA9}.Debug|x64.Build.0 = Debug|x64
		{D7AFCAEF-8F14-4D82-B212-21311FB0AEA9}.Debug|x86.ActiveCfg = Debug|Win32
		{D7AFCAEF-8F14-4D82-B212-21311FB0AEA9}.Debug|x86.Build.0 = Debug|Win32
		{D7AFCAEF-8F14-4D82-B212-21311FB0AEA9}.Release|x64.ActiveCfg = Release|x64
		{D7AFCAEF-8F14-4D82-B212-21311FB0AEA9}.Release|x64.Build.0 = Release|x64
		{D7AFCAEF-8F14-4D82-B212-21311FB0AEA9}.Release|x86.ActiveCfg = Release|Win32
		{D7AFCAEF-8F14-4D82-B212-21311FB0AEA9}.Release|x86.Build.0 = Release|Win32
		{30845C24-6570-49B9-900C-2EF0F96D6A6B}.Debug|x64.ActiveCfg = Debug|x64
		{30845C24-6570-49B9-900C-2EF0F96D6A6B}.Debug|x64.Build.0 = Debug|x64
		{30845C24-6570-49B9-900C-2EF0F96D6A6B}.Debug|x86.ActiveCfg = Debug|Win32
		{30845C24-6570-49B9-900C-2EF0F96D6A6B}.Debug|x86.Build.0 = Debug|Win32
		{30845C24-6570-49B9-900C-2EF0F96D6A6B}.Release|x64.ActiveCfg = Release|x64
		{30845C24-6570-49B9-900C-2EF0F96D6A6B}.Release|x64.Build.0 = Release|x64
		{30845C24-6570-49B9-900C-2EF0F96D6A6B}.Release|x86.ActiveCfg = Release|Win32
		{30845C24-6570-49B9-900C-2EF0F96D6A6B}.Release|x86.Build.0 = Release|Win32
		{34067FAE-CFC0-4945-9B94-E536AF868900}.Debug|x64.ActiveCfg = Debug|x64
		{34067FAE-CFC0-4945-9B94-E536AF868900}.Debug|x64.Build.0 = Debug|x64
		{34067FAE-CFC0-4945-9B94-E536AF868900}.Debug|x86.ActiveCfg = Debug|Win32
		{34067FAE-CFC0-4945-9B94-E536AF868900}.Debug|x86.Build.0 = Debug|Win32
		{34067FAE-CFC0-4945-9B94-E536AF868900}.Release|x64.ActiveCfg = Release|x64
		{34067FAE-CFC0-4945-9B94-E536AF868900}.Release|x64.Build.0 = Release|x64
		{34067FAE-CFC0-4945-9B94-E536AF868900}.Release|x86.ActiveCfg = Release|Win32
		{34067FAE-CFC0-4945-9B94-E536AF868900}.Release|x86.Build.0 = Release|Win32
		{127970BA-2E3A-4ADC-864A-86687D403641}.Debug|x64.ActiveCfg = Debug|x64
		{127970BA-2E3A-4ADC-864A-86687D403641}.Debug|x64.Build.0 = Debug|x64
		{127970BA-2E3A-4ADC-864A-86687D403641}.Debug|x86.ActiveCfg = Debug|Win32
		{127970BA-2E3A-4ADC-864A-86687D403641}.Debug|x86.Build.0 = Debug|Win32
		{127970BA-2E3A-4ADC-864A-86687D403641}.Release|x64.ActiveCfg = Release|x64
		{127970BA-2E3A-4ADC-864A-86687D403641}.Release|x64.Build.0 = Release|x64
		{127970BA-2E3A-4ADC-864A-86687D403641}.Release|x86.ActiveCfg = Release|Win32
		{127970BA-2E3A-4ADC-864A-86687D403641}.Release|x86.Build.0 = Release|Win32
		{40D40848-B700-4809-B5AA-D028F4345855}.Debug|x64.ActiveCfg = Debug|x64
		{40D40848-B700-4809-B5AA-D028F4345855}.Debug|x64.Build.0 = Debug|x64
		{40D40848-B700-4809-B5AA-D028F4345855}.Debug|x86.ActiveCfg = Debug|Win32
		{40D40848-B700-4809-B5AA-D028F4345855}.Debug|x86.Build.0 = Debug|Win32
		{40D40848-B700-4809-B5AA-D028F4345855}.Release|x64.ActiveCfg = Release|x64
		{40D40848-B700-4809-B5AA-D028F4345855}.Release|x64.Build.0 = Release|x64
		{40D40848-B700-4809-B5AA-D028F4345855}.Release|x86.ActiveCfg = Release|Win32
		{40D40848-B700-4809-B5AA-D028F4345855}.Release|x86.Build.0 = Release|Win32
		{59694EBC-A4CD-4009-BA3B-12AC0289CF03}.Debug|x64.ActiveCfg = Debug|x64
		{59694EBC-A4CD-4009-BA3B-12AC0289CF03}.Debug|x64.Build.0 = Debug|x64
		{59694EBC-A4CD-4009-BA3B-12AC0289CF03}.Debug|x86.ActiveCfg = Debug|Win32
		{59694EBC-A4CD-4009-BA3B-12AC0289CF03}.Debug|x86.Build.0 = Debug|Win32
		{59694EBC-A4CD-4009-BA3B-12AC0289CF03}.Release|x64.ActiveCfg = Release|x64
		{59694EBC-A4CD-4009-BA3B-12AC0289CF03}.Release|x64.Build.0 = Release|x64
		{59694EBC-A4CD-4009-BA3B-12AC0289CF03}.Release|x86.ActiveCfg = Release|Win32
		{59694EBC-A4CD-4009-BA3B-12AC0289CF03}.Release|x86.Build.0 = Release|Win32
		{FD991C3D-5613-45FD-89AE-33A6B1E651F7}.Debug|x64.ActiveCfg = Debug|x64
		{FD991C3D-5613-45FD-89AE-33A6B1E651F7}.Debug|x64.Build.0 = Debug|x64
		{FD991C3D-5613-45FD-89AE-33A6B1E651F7}.Debug|x86.ActiveCfg = Debug|Win32
		{FD991C3D-5613-45FD-89AE-33A6B1E651F7}.Debug|x86.Build.0 = Debug|Win32
		{FD991C3D-5613-45FD-89AE-33A6B1E651F7}.Release|x64.ActiveCfg = Release|x64
		{FD991C3D-5613-45FD-89AE-33A6B1E651F7}.Release|x64.Build.0 = Release|x64
		{FD991C3D-5613-45FD-89AE-33A6B1E651F7}.Release|x86.ActiveCfg = Release|Win32
		{FD991C3D-5613-45FD-89AE-33A6B1E651F7}.Release|x86.Build.0 = Release|Win32
		{C58D85B2-903E-4704-9469-151BB136F087}.Debug|x64.ActiveCfg = Debug|x64
		{C58D85B2-903E-4704-9469-151BB136F087}.Debug|x64.Build.0 = Debug|x64
		{C58D85B2-903E-4704-9469-151BB136F087}.Debug|x86.ActiveCfg = Debug|Win32
		{C58D85B2-903E-4704-9469-151BB136F087}.Debug|x86.Build.0 = Debug|Win32
		{C58D85B2-903E-4704-9469-151BB136F087}.Release|x64.ActiveCfg = Release|x64
		{C58D85B2-903E-4704-9469-151BB136F087}.Release|x64.Build.0 = Release|x64
		{C58D85B2-903E-4704-9469-151BB136F087}.Release|x86.ActiveCfg = Release|Win32
		{C58D85B2-903E-4704-9469-151BB136F087}.Release|x86.Build.0 = Release|Win32
		{3FFFBEEC-981E-46FB-9939-3840D32EE4DB}.Debug|x64.ActiveCfg = Debug|x64
		{3FFFBEEC-981E-46FB-9939-3840D32EE4DB}.Debug|x64.Build.0 = Debug|x64
		{3FFFBEEC-981E-46FB-9939-3840D32EE4DB}.Debug|x86.ActiveCfg = Debug|Win32
		{3FFFBEEC-981E-46FB-9939-3840D32EE4DB}.Debug|x86.Build.0 = Debug|Win32
		{3FFFBEEC-981E-46FB-9939-3840D32EE4DB}.Release|x64.ActiveCfg = Release|x64
		{3FFFBEEC-981E-46FB-9939-3840D32EE4DB}.Release|x64.Build.0 = Release|x64
		{3FFFBEEC-981E-46FB-9939-3840D32EE4DB}.Release|x86.ActiveCfg = Release|Win32
		{3FFFBEEC-981E-46FB-9939-3840D32EE4DB}.Release|x86.Build.0 = Release|Win32
		{5ACF59B5-43D5-4E62-8F01-3D0C41C9D411}.Debug|x64.ActiveCfg = Debug|x64
		{5ACF59B5-43D5-4E62-8F01-3D0C41C9D411}.Debug|x64.Build.0 = Debug|x64
		{5ACF59B5-43D5-4E62-8F01-3D0C41C9D411}.Debug|x86.ActiveCfg = Debug|Win32
		{5ACF59B5-43D5-4E62-8F01-3D0C41C9D411}.Debug|x86.Build.0 = Debug|Win32
		{5ACF59B5-43D5-4E62-8F01-3D0C41C9D411}.Release|x64.ActiveCfg = Release|x64
		{5ACF59B5-43D5-4E62-8F01-3D0C41C9D411}.Release|x64.Build.0 = Release|x64
		{5ACF59B5-43D5-4E62-8F01-3D0C41C9D411}.Release|x86.ActiveCfg = Release|Win32
		{5ACF59B5-43D5-4E62-8F01-3D0C41C9D411}.Release|x86.Build.0 = Release|Win32
		{4B40546C-B7FC-4D5C-90BC-7B600150615A}.Debug|x64.ActiveCfg = Debug|x64
		{4B40546C-B7FC-4D5C-90BC-7B600150615A}.Debug|x64.Build.0 = Debug|x64
		{4B40546C-B7FC-4D5C-90BC-7B600150615A}.Debug|x86.ActiveCfg = Debug|Win32
		{4B40546C-B7FC-4D5C-90BC-7B600150615A}.Debug|x86.Build.0 = Debug|Win32
		{4B40546C-B7FC-4D5C-90BC-7B600150615A}.Release|x64.ActiveCfg = Release|x64
		{4B40546C-B7FC-4D5C-90BC-7B600150615A}.Release|x64.Build.0 = Release|x64
		{4B40546C-B7FC-4D5C-90BC-7B600150615A}.Release|x86.ActiveCfg = Release|Win32
		{4B40546C-B7FC-4D5C-90BC-7B600150615A}.Release|x86.Build.0 = Release|Win32
		{3BC5572B-9213-4E2E-AC12-81C4798495C6}.Debug|x64.ActiveCfg = Debug|x64
		{3BC5572B-9213-4E2E-AC12-81C4798495C6}.Debug|x64.Build.0 = Debug|x64
		{3BC5572B-9213-4E2E-AC12-81C4798495C6}.Debug|x86.ActiveCfg = Debug|Win32
		{3BC5572B-9213-4E2E-AC12-81C4798495C6}.Debug|x86.Build.0 = Debug|Win32
		{3BC5572B-9213-4E2E-AC12-81C4798495C6}.Release|x64.ActiveCfg = Release|x64
		{3BC5572B-9213-4E2E-AC12-81C4798495C6}.Release|x64.Build.0 = Release|x64
		{3BC5572B-9213-4E2E-AC12-81C4798495C6}.Release|x86.ActiveCfg = Release|Win32
		{3BC5572B-9213-4E2E-AC12-81C4798495C6}.Release|x86.Build.0 = Release|Win32
		{8C1F10EA-9C4A-428E-86E2-AE5A2F288F40}.Debug|x64.ActiveCfg = Debug|x64
		{8C1F10EA-9C4A-428E-86E2-AE5A2F288F40}.Debug|x64.Build.0 = Debug|x64
		{8C1F10EA-9C4A-428E-86E2-AE5A2F288F40}.Debug|x86.ActiveCfg = Debug|Win32
		{8C1F10EA-9C4A-428E-86E2-AE5A2F288F40}.Debug|x86.Build.0 = Debug|Win32
		{8C1F10EA-9C4A-428E-86E2-AE5A2F288F40}.Release|x64.ActiveCfg = Release|x64
		{8C1F10EA-9C4A-428E-86E2-AE5A2F288F40}.Release|x64.Build.0 = Release|x64
		{8C1F10EA-9C4A-428E-86E2-AE5A2F288F40}.Release|x86.ActiveCfg = Release|Win32
		{8C1F10EA-9C4A-428E-86E2-AE5A2F288F40}.Release|x86.Build.0 = Release|Win32
		{0B42BDAB-7388-4793-9F53-E0D6DAB36194}.Debug|x64.ActiveCfg = Debug|x64
		{0B42BDAB-7388-4793-9F53-E0D6DAB36194}.Debug|x64.Build.0 = Debug|x64
		{0B42BDAB-7388-4793-9F53-E0D6DAB36194}.Debug|x86.ActiveCfg = Debug|Win32
		{0B42BDAB-7388-4793-9F53-E0D6DAB36194}.Debug|x86.Build.0 = Debug|Win32
		{0B42BDAB-7388-4793-9F53-E0D6DAB36194}.Release|x64.ActiveCfg = Release|x64
		{0B42BDAB-7388-4793-9F53-E0D6DAB36194}.Release|x64.Build.0 = Release|x64
		{0B42BDAB-7388-4793-9F53-E0D6DAB36194}.Release|x86.ActiveCfg = Release|Win32
		{0B42BDAB-7388-4793-9F53-E0D6DAB36194}.Release|x86.Build.0 = Release|Win32
		{F0EA48EF-5FE8-4DA9-ACA5-791817E4E328}.Debug|x64.ActiveCfg = Debug|x64
		{F0EA48EF-5FE8-4DA9-ACA5-791817E4E328}.Debug|x64.Build.0 = Debug|x64
		{F0EA48EF-5FE8-4DA9-ACA5-791817E4E328}.Debug|x86.ActiveCfg = Debug|Win32
		{F0EA48EF-5FE8-4DA9-ACA5-791817E4E328}.Debug|x86.Build.0 = Debug|Win32
		{F0EA48EF-5FE8-4DA9-ACA5-791817E4E328}.Release|x64.ActiveCfg = Release|x64
		{F0EA48EF-5FE8-4DA9-ACA5-791817E4E328}.Release|x64.Build.0 = Release|x64
		{F0EA48EF-5FE8-4DA9-ACA5-791817E4E328}.Release|x86.ActiveCfg = Release|Win32
		{F0EA48EF-5FE8-4DA9-ACA5-791817E4E328}.Release|x86.Build.0 = Release|Win32
		{9FE1913D-42BE-412B-BB23-6BBF4FFD29C5}.Debug|x64.ActiveCfg = Debug|x64
		{9FE1913D-42BE-412B-BB23-6BBF4FFD29C5}.Debug|x64.Build.0 = Debug|x64
		{9FE1913D-42BE-412B-BB23-6BBF4FFD29C5}.Debug|x86.ActiveCfg = Debug|Win32
		{9FE1913D-42BE-412B-BB23-6BBF4FFD29C5}.Debug|x86.Build.0 = Debug|Win32
		{9FE1913D-42BE-412B-BB23-6BBF4FFD29C5}.Release|x64.ActiveCfg = Release|x64
		{9FE1913D-42BE-412B-BB23-6BBF4FFD29C5}.Release|x64.Build.0 = Release|x64
		{9FE1913D-42BE-412B-BB23-6BBF4FFD29C5}.Release|x86.ActiveCfg = Release|Win32
		{9FE1913D-42BE-412B-BB23-6BBF4FFD29C5}.Release|x86.Build.0 = Release|Win32
		{D5BA2BF9-4ECB-4565-A790-5316710070A6}.Debug|x64.ActiveCfg = Debug|x64
		{D5BA2BF9-4ECB-4565-A790-5316710070A6}.Debug|x64.Build.0 = Debug|x64
		{D5BA2BF9-4ECB-4565-A790-5316710070A6}.Debug|x86.ActiveCfg = Debug|Win32
		{D5BA2BF9-4ECB-4565-A790-5316710070A6}.Debug|x86.Build.0 = Debug|Win32
		{D5BA2BF9-4ECB-4565-A790-5316710070A6}.Release|x64.ActiveCfg = Release|x64
		{D5BA2BF9-4ECB-4565-A790-5316710070A6}.Release|x64.Build.0 = Release|x64
		{D5BA2BF9-4ECB-4565-A790-5316710070A6}.Release|x86.ActiveCfg = Release|Win32
		{D5BA2BF9-4ECB-4565-A790-5316710070A6}.Release|x86.Build.0 = Release|Win32
		{DBE41864-0A28-4C7A-AFAE-603C05E08370}.Debug|x64.ActiveCfg = Debug|x64
		{DBE41864-0A28-4C7A-AFAE-603C05E08370}.Debug|x64.Build.0 = Debug|x64
		{DBE41864-0A28-4C7A-AFAE-603C05E08370}.Debug|x86.ActiveCfg = Debug|Win32
		{DBE41864-0A28-4C7A-AFAE-603C05E08370}.Debug|x86.Build.0 = Debug|Win32
		{DBE41864-0A28-4C7A-AFAE-603C05E08370}.Release|x64.ActiveCfg = Release|x64
		{DBE41864-0A28-4C7A-AFAE-603C05E08370}.Release|x64.Build.0 = Release|x64
		{DBE41864-0A28-4C7A-AFAE-603C05E08370}.Release|x86.ActiveCfg = Release|Win32
		{DBE41864-0A28-4C7A-AFAE-603C05E08370}.Release|x86.Build.0 = Release|Win32
		{B3CD498B-BDB6-4A38-9938-97AA413EECB0}.Debug|x64.ActiveCfg = Debug|x64
		{B3CD498B-BDB6-4A38-9938-97AA413EECB0}.Debug|x64.Build.0 = Debug|x64
		{B3CD498B-BDB6-4A38-9938-97AA413EECB0}.Debug|x86.ActiveCfg = Debug|Win32
		{B3CD498B-BDB6-4A38-9938-97AA413EECB0}.Debug|x86.Build.0 = Debug|Win32
		{B3CD498B-BDB6-4A38-9938-97AA413EECB0}.Release|x64.ActiveCfg = Release|x64
		{B3CD498B-BDB6-4A38-9938-97AA413EECB0}.Release|x64.Build.0 = Release|x64
		{B3CD498B-BDB6-4A38-9938-97AA413EECB0}.Release|x86.ActiveCfg = Release|Win32
		{B3CD498B-BDB6-4A38-9938-97AA413EECB0}.Release|x86.Build.0 = Release|Win32
		{2DC824BB-209B-4EEA-90EB-F82F14F2D22E}.Debug|x64.ActiveCfg = Debug|x64
		{2DC824BB-209B-4EEA-90EB-F82F14F2D22E}.Debug|x64.Build.0 = Debug|x64
		{2DC824BB-209B-4EEA-90EB-F82F14F2D22E}.Debug|x86.ActiveCfg = Debug|Win32
		{2DC824BB-209B-4EEA-90EB-F82F14F2D22E}.Debug|x86.Build.0 = Debug|Win32
		{2DC824BB-209B-4EEA-90EB-F82F14F2D22E}.Release|x64.ActiveCfg = Release|x64
		{2DC824BB-209B-4EEA-90EB-F82F14F2D22E}.Release|x64.Build.0 = Release|x64
		{2DC824BB-209B-4EEA-90EB-F82F14F2D22E}.Release|x86.ActiveCfg = Release|Win32
		{2DC824BB-209B-4EEA-90EB-F82F14F2D22E}.Release|x86.Build.0 = Release|Win32
		{3CD6A477-F8AF-4756-AC77-6F3CFC8547E5}.Debug|x64.ActiveCfg = Debug|x64
		{3CD6A477-F8AF-4756-AC77-6F3CFC8547E5}.Debug|x64.Build.0 = Debug|x64
		{3CD6A477-F8AF-4756-AC77-6F3CFC8547E5}.Debug|x86.ActiveCfg = Debug|Win32
		{3CD6A477-F8AF-4756-AC77-6F3CFC8547E5}.Debug|x86.Build.0 = Debug|Win32
		{3CD6A477-F8AF-4756-AC77-6F3CFC8547E5}.Release|x64.ActiveCfg = Release|x64
		{3CD6A477-F8AF-4756-AC77-6F3CFC8547E5}.Release|x64.Build.0 = Release|x64
		{3CD6A477-F8AF-4756-AC77-6F3CFC8547E5}.Release|x86.ActiveCfg = Release|Win32
		{3CD6A477-F8AF-4756-AC77-6F3CFC8547E5}.Release|x86.Build.0 = Release|Win32
		{428E8556-AA70-4245-BCEE-E8CBAE7CD2F2}.Debug|x64.ActiveCfg = Debug|x64
		{428E8556-AA70-4245-BCEE-E8CBAE7CD2F2}.Debug|x64.Build.0 = Debug|x64
		{428E8556-AA70-4245-BCEE-E8CBAE7CD2F2}.Debug|x86.ActiveCfg = Debug|Win32
		{428E8556-AA70-4245-BCEE-E8CBAE7CD2F2}.Debug|x86.Build.0 = Debug|Win32
		{428E8556-AA70-4245-BCEE-E8CBAE7CD2F2}.Release|x64.ActiveCfg = Release|x64
		{428E8556-AA70-4245-BCEE-E8CBAE7CD2F2}.Release|x64.Build.0 = Release|x64
		{428E8556-AA70-4245-BCEE-E8CBAE7CD2F2}.Release|x86.ActiveCfg = Release|Win32
		{428E8556-AA70-4245-BCEE-E8CBAE7CD2F2}.Release|x86.Build.0 = Release|Win32
		{261A8878-439C-455D-B86A-43AF9095EE3C}.Debug|x64.ActiveCfg = Debug|x64
		{261A8878-439C-455D-B86A-43AF9095EE3C}.Debug|x64.Build.0 = Debug|x64
		{261A8878-439C-455D-B86A-43AF9095EE3C}.Debug|x86.ActiveCfg = Debug|Win32
		{261A8878-439C-455D-B86A-43AF9095EE3C}.Debug|x86.Build.0 = Debug|Win32
		{261A8878-439C-455D-B86A-43AF9095EE3C}.Release|x64.ActiveCfg = Release|x64
		{261A8878-439C-455D-B86A-43AF9095EE3C}.Release|x64.Build.0 = Release|x64
		{261A8878-439C-455D-B86A-43AF9095EE3C}.Release|x86.ActiveCfg = Release|Win32
		{261A8878-439C-455D-B86A-43AF9095EE3C}.Release|x86.Build.0 = Release|Win32
	EndGlobalSection
	GlobalSection(SolutionProperties) = preSolution
		HideSolutionNode = FALSE
	EndGlobalSection
	GlobalSection(ExtensibilityGlobals) = postSolution
		SolutionGuid = {AD38A220-9BD6-4A4B-A4ED-DD2C0E708DF5}
	EndGlobalSection
EndGlobal
